
Microsoft Visual Studio Solution File, Format Version 12.00
# Visual Studio Version 17
VisualStudioVersion = 17.8.34330.188
MinimumVisualStudioVersion = 10.0.40219.1
Project("{6EC3EE1D-3C4E-46DD-8F32-0CC8E7565705}") = "Day2023.03", "Day2023.03\Day2023.03.fsproj", "{A96B7161-5BB6-4CDE-89E6-0AC12A847E57}"
EndProject
Project("{6EC3EE1D-3C4E-46DD-8F32-0CC8E7565705}") = "Tools", "Tools\Tools.fsproj", "{3E0D470A-D502-4EB9-8254-8D5A6E54EEB6}"
EndProject
Project("{6EC3EE1D-3C4E-46DD-8F32-0CC8E7565705}") = "Day2023.09", "Day2023.09\Day2023.09.fsproj", "{020D6EC2-EDEA-49A1-AA9B-491E4F163D00}"
EndProject
Project("{6EC3EE1D-3C4E-46DD-8F32-0CC8E7565705}") = "Day2023.10", "Day2023.10\Day2023.10.fsproj", "{7C9FF13C-D22C-4869-8006-6EC8E30C4121}"
EndProject
Project("{9A19103F-16F7-4668-BE54-9A1E7A4F7556}") = "Day2023.11", "Day2023.11\Day2023.11.csproj", "{A7CADFAD-B910-4044-9E33-BDC3D7B20E45}"
EndProject
Project("{9A19103F-16F7-4668-BE54-9A1E7A4F7556}") = "Day2023.12", "Day2023.12\Day2023.12.csproj", "{51C3551E-86CD-41F9-B1C6-E2F578CE8A9E}"
EndProject
Project("{9A19103F-16F7-4668-BE54-9A1E7A4F7556}") = "Day2024.01", "Day2024.01\Day2024.01.csproj", "{9925485F-0A40-42D2-988B-3A6673CC3D1C}"
EndProject
Project("{9A19103F-16F7-4668-BE54-9A1E7A4F7556}") = "Day2024.02", "Day2024.02\Day2024.02.csproj", "{60F8E1E6-9CF0-47B7-980A-3D0D317C34D9}"
EndProject
Project("{9A19103F-16F7-4668-BE54-9A1E7A4F7556}") = "Day2024.03", "Day2024.03\Day2024.03.csproj", "{11F7ADF5-F764-4D2B-BA52-2B4AF09DD1E2}"
EndProject
Project("{9A19103F-16F7-4668-BE54-9A1E7A4F7556}") = "Day2024.04", "Day2024.04\Day2024.04.csproj", "{EBDC6028-0D17-4037-AAD4-68BB6C59019C}"
EndProject
Project("{9A19103F-16F7-4668-BE54-9A1E7A4F7556}") = "Day2024.05", "Day2024.05\Day2024.05.csproj", "{68E9D712-EDEB-43C9-9791-11770904B07C}"
EndProject
Project("{9A19103F-16F7-4668-BE54-9A1E7A4F7556}") = "Day2024.06", "Day2024.06\Day2024.06.csproj", "{61DEDC22-D1FE-4E42-9C8E-AAFE8CCFAF96}"
EndProject
Project("{9A19103F-16F7-4668-BE54-9A1E7A4F7556}") = "Day2024.07", "Day2024.07\Day2024.07.csproj", "{A466D21B-8EC0-41BF-B7A8-12860AF7E15C}"
EndProject
Project("{9A19103F-16F7-4668-BE54-9A1E7A4F7556}") = "Day2024.08", "Day2024.08\Day2024.08.csproj", "{66222AE1-2F50-42A7-9DAF-1F309F0A1E39}"
EndProject
Project("{9A19103F-16F7-4668-BE54-9A1E7A4F7556}") = "Day2024.09", "Day2024.09\Day2024.09.csproj", "{0EA498AA-F216-4925-8320-D46A5327BA60}"
EndProject
Project("{9A19103F-16F7-4668-BE54-9A1E7A4F7556}") = "Day2024.10", "Day2024.10\Day2024.10.csproj", "{368584F6-7DF1-4460-A159-2A31B7C3F8C1}"
EndProject
Project("{9A19103F-16F7-4668-BE54-9A1E7A4F7556}") = "Day2024.11", "Day2024.11\Day2024.11.csproj", "{B5813404-0A43-4B63-A5B3-7FF75B5A7F29}"
EndProject
Project("{FAE04EC0-301F-11D3-BF4B-00C04F79EFBC}") = "2025.01", "2025.01\2025.01.csproj", "{1C58FF47-6F2A-4F88-BAA8-C04541175300}"
EndProject
Project("{FAE04EC0-301F-11D3-BF4B-00C04F79EFBC}") = "2025.02", "2025.02\2025.02.csproj", "{F3C56930-F374-47F6-829D-13DD81574933}"
EndProject
Project("{FAE04EC0-301F-11D3-BF4B-00C04F79EFBC}") = "2025.03", "2025.03\2025.03.csproj", "{8CFFCA6F-C892-41D2-9DC2-BC421B67A9C4}"
EndProject
Project("{FAE04EC0-301F-11D3-BF4B-00C04F79EFBC}") = "2025.04", "2025.04\2025.04.csproj", "{B70D7FA4-C18B-4EC7-A1AC-043132913551}"
EndProject
Project("{FAE04EC0-301F-11D3-BF4B-00C04F79EFBC}") = "2025.05", "2025.05\2025.05.csproj", "{AC323F66-EB39-472A-91A2-D903D647D542}"
EndProject
Global
	GlobalSection(SolutionConfigurationPlatforms) = preSolution
		Debug|Any CPU = Debug|Any CPU
		Debug|x64 = Debug|x64
		Debug|x86 = Debug|x86
		Release|Any CPU = Release|Any CPU
		Release|x64 = Release|x64
		Release|x86 = Release|x86
	EndGlobalSection
	GlobalSection(ProjectConfigurationPlatforms) = postSolution
		{A96B7161-5BB6-4CDE-89E6-0AC12A847E57}.Debug|Any CPU.ActiveCfg = Debug|Any CPU
		{A96B7161-5BB6-4CDE-89E6-0AC12A847E57}.Debug|Any CPU.Build.0 = Debug|Any CPU
		{A96B7161-5BB6-4CDE-89E6-0AC12A847E57}.Debug|x64.ActiveCfg = Debug|Any CPU
		{A96B7161-5BB6-4CDE-89E6-0AC12A847E57}.Debug|x64.Build.0 = Debug|Any CPU
		{A96B7161-5BB6-4CDE-89E6-0AC12A847E57}.Debug|x86.ActiveCfg = Debug|Any CPU
		{A96B7161-5BB6-4CDE-89E6-0AC12A847E57}.Debug|x86.Build.0 = Debug|Any CPU
		{A96B7161-5BB6-4CDE-89E6-0AC12A847E57}.Release|Any CPU.ActiveCfg = Release|Any CPU
		{A96B7161-5BB6-4CDE-89E6-0AC12A847E57}.Release|Any CPU.Build.0 = Release|Any CPU
		{A96B7161-5BB6-4CDE-89E6-0AC12A847E57}.Release|x64.ActiveCfg = Release|Any CPU
		{A96B7161-5BB6-4CDE-89E6-0AC12A847E57}.Release|x64.Build.0 = Release|Any CPU
		{A96B7161-5BB6-4CDE-89E6-0AC12A847E57}.Release|x86.ActiveCfg = Release|Any CPU
		{A96B7161-5BB6-4CDE-89E6-0AC12A847E57}.Release|x86.Build.0 = Release|Any CPU
		{3E0D470A-D502-4EB9-8254-8D5A6E54EEB6}.Debug|Any CPU.ActiveCfg = Debug|Any CPU
		{3E0D470A-D502-4EB9-8254-8D5A6E54EEB6}.Debug|Any CPU.Build.0 = Debug|Any CPU
		{3E0D470A-D502-4EB9-8254-8D5A6E54EEB6}.Debug|x64.ActiveCfg = Debug|Any CPU
		{3E0D470A-D502-4EB9-8254-8D5A6E54EEB6}.Debug|x64.Build.0 = Debug|Any CPU
		{3E0D470A-D502-4EB9-8254-8D5A6E54EEB6}.Debug|x86.ActiveCfg = Debug|Any CPU
		{3E0D470A-D502-4EB9-8254-8D5A6E54EEB6}.Debug|x86.Build.0 = Debug|Any CPU
		{3E0D470A-D502-4EB9-8254-8D5A6E54EEB6}.Release|Any CPU.ActiveCfg = Release|Any CPU
		{3E0D470A-D502-4EB9-8254-8D5A6E54EEB6}.Release|Any CPU.Build.0 = Release|Any CPU
		{3E0D470A-D502-4EB9-8254-8D5A6E54EEB6}.Release|x64.ActiveCfg = Release|Any CPU
		{3E0D470A-D502-4EB9-8254-8D5A6E54EEB6}.Release|x64.Build.0 = Release|Any CPU
		{3E0D470A-D502-4EB9-8254-8D5A6E54EEB6}.Release|x86.ActiveCfg = Release|Any CPU
		{3E0D470A-D502-4EB9-8254-8D5A6E54EEB6}.Release|x86.Build.0 = Release|Any CPU
		{020D6EC2-EDEA-49A1-AA9B-491E4F163D00}.Debug|Any CPU.ActiveCfg = Debug|Any CPU
		{020D6EC2-EDEA-49A1-AA9B-491E4F163D00}.Debug|Any CPU.Build.0 = Debug|Any CPU
		{020D6EC2-EDEA-49A1-AA9B-491E4F163D00}.Debug|x64.ActiveCfg = Debug|Any CPU
		{020D6EC2-EDEA-49A1-AA9B-491E4F163D00}.Debug|x64.Build.0 = Debug|Any CPU
		{020D6EC2-EDEA-49A1-AA9B-491E4F163D00}.Debug|x86.ActiveCfg = Debug|Any CPU
		{020D6EC2-EDEA-49A1-AA9B-491E4F163D00}.Debug|x86.Build.0 = Debug|Any CPU
		{020D6EC2-EDEA-49A1-AA9B-491E4F163D00}.Release|Any CPU.ActiveCfg = Release|Any CPU
		{020D6EC2-EDEA-49A1-AA9B-491E4F163D00}.Release|Any CPU.Build.0 = Release|Any CPU
		{020D6EC2-EDEA-49A1-AA9B-491E4F163D00}.Release|x64.ActiveCfg = Release|Any CPU
		{020D6EC2-EDEA-49A1-AA9B-491E4F163D00}.Release|x64.Build.0 = Release|Any CPU
		{020D6EC2-EDEA-49A1-AA9B-491E4F163D00}.Release|x86.ActiveCfg = Release|Any CPU
		{020D6EC2-EDEA-49A1-AA9B-491E4F163D00}.Release|x86.Build.0 = Release|Any CPU
		{7C9FF13C-D22C-4869-8006-6EC8E30C4121}.Debug|Any CPU.ActiveCfg = Debug|Any CPU
		{7C9FF13C-D22C-4869-8006-6EC8E30C4121}.Debug|Any CPU.Build.0 = Debug|Any CPU
		{7C9FF13C-D22C-4869-8006-6EC8E30C4121}.Debug|x64.ActiveCfg = Debug|Any CPU
		{7C9FF13C-D22C-4869-8006-6EC8E30C4121}.Debug|x64.Build.0 = Debug|Any CPU
		{7C9FF13C-D22C-4869-8006-6EC8E30C4121}.Debug|x86.ActiveCfg = Debug|Any CPU
		{7C9FF13C-D22C-4869-8006-6EC8E30C4121}.Debug|x86.Build.0 = Debug|Any CPU
		{7C9FF13C-D22C-4869-8006-6EC8E30C4121}.Release|Any CPU.ActiveCfg = Release|Any CPU
		{7C9FF13C-D22C-4869-8006-6EC8E30C4121}.Release|Any CPU.Build.0 = Release|Any CPU
		{7C9FF13C-D22C-4869-8006-6EC8E30C4121}.Release|x64.ActiveCfg = Release|Any CPU
		{7C9FF13C-D22C-4869-8006-6EC8E30C4121}.Release|x64.Build.0 = Release|Any CPU
		{7C9FF13C-D22C-4869-8006-6EC8E30C4121}.Release|x86.ActiveCfg = Release|Any CPU
		{7C9FF13C-D22C-4869-8006-6EC8E30C4121}.Release|x86.Build.0 = Release|Any CPU
		{A7CADFAD-B910-4044-9E33-BDC3D7B20E45}.Debug|Any CPU.ActiveCfg = Debug|Any CPU
		{A7CADFAD-B910-4044-9E33-BDC3D7B20E45}.Debug|Any CPU.Build.0 = Debug|Any CPU
		{A7CADFAD-B910-4044-9E33-BDC3D7B20E45}.Debug|x64.ActiveCfg = Debug|Any CPU
		{A7CADFAD-B910-4044-9E33-BDC3D7B20E45}.Debug|x64.Build.0 = Debug|Any CPU
		{A7CADFAD-B910-4044-9E33-BDC3D7B20E45}.Debug|x86.ActiveCfg = Debug|Any CPU
		{A7CADFAD-B910-4044-9E33-BDC3D7B20E45}.Debug|x86.Build.0 = Debug|Any CPU
		{A7CADFAD-B910-4044-9E33-BDC3D7B20E45}.Release|Any CPU.ActiveCfg = Release|Any CPU
		{A7CADFAD-B910-4044-9E33-BDC3D7B20E45}.Release|Any CPU.Build.0 = Release|Any CPU
		{A7CADFAD-B910-4044-9E33-BDC3D7B20E45}.Release|x64.ActiveCfg = Release|Any CPU
		{A7CADFAD-B910-4044-9E33-BDC3D7B20E45}.Release|x64.Build.0 = Release|Any CPU
		{A7CADFAD-B910-4044-9E33-BDC3D7B20E45}.Release|x86.ActiveCfg = Release|Any CPU
		{A7CADFAD-B910-4044-9E33-BDC3D7B20E45}.Release|x86.Build.0 = Release|Any CPU
		{51C3551E-86CD-41F9-B1C6-E2F578CE8A9E}.Debug|Any CPU.ActiveCfg = Debug|Any CPU
		{51C3551E-86CD-41F9-B1C6-E2F578CE8A9E}.Debug|Any CPU.Build.0 = Debug|Any CPU
		{51C3551E-86CD-41F9-B1C6-E2F578CE8A9E}.Debug|x64.ActiveCfg = Debug|Any CPU
		{51C3551E-86CD-41F9-B1C6-E2F578CE8A9E}.Debug|x64.Build.0 = Debug|Any CPU
		{51C3551E-86CD-41F9-B1C6-E2F578CE8A9E}.Debug|x86.ActiveCfg = Debug|Any CPU
		{51C3551E-86CD-41F9-B1C6-E2F578CE8A9E}.Debug|x86.Build.0 = Debug|Any CPU
		{51C3551E-86CD-41F9-B1C6-E2F578CE8A9E}.Release|Any CPU.ActiveCfg = Release|Any CPU
		{51C3551E-86CD-41F9-B1C6-E2F578CE8A9E}.Release|Any CPU.Build.0 = Release|Any CPU
		{51C3551E-86CD-41F9-B1C6-E2F578CE8A9E}.Release|x64.ActiveCfg = Release|Any CPU
		{51C3551E-86CD-41F9-B1C6-E2F578CE8A9E}.Release|x64.Build.0 = Release|Any CPU
		{51C3551E-86CD-41F9-B1C6-E2F578CE8A9E}.Release|x86.ActiveCfg = Release|Any CPU
		{51C3551E-86CD-41F9-B1C6-E2F578CE8A9E}.Release|x86.Build.0 = Release|Any CPU
		{9925485F-0A40-42D2-988B-3A6673CC3D1C}.Debug|Any CPU.ActiveCfg = Debug|Any CPU
		{9925485F-0A40-42D2-988B-3A6673CC3D1C}.Debug|Any CPU.Build.0 = Debug|Any CPU
		{9925485F-0A40-42D2-988B-3A6673CC3D1C}.Debug|x64.ActiveCfg = Debug|Any CPU
		{9925485F-0A40-42D2-988B-3A6673CC3D1C}.Debug|x64.Build.0 = Debug|Any CPU
		{9925485F-0A40-42D2-988B-3A6673CC3D1C}.Debug|x86.ActiveCfg = Debug|Any CPU
		{9925485F-0A40-42D2-988B-3A6673CC3D1C}.Debug|x86.Build.0 = Debug|Any CPU
		{9925485F-0A40-42D2-988B-3A6673CC3D1C}.Release|Any CPU.ActiveCfg = Release|Any CPU
		{9925485F-0A40-42D2-988B-3A6673CC3D1C}.Release|Any CPU.Build.0 = Release|Any CPU
		{9925485F-0A40-42D2-988B-3A6673CC3D1C}.Release|x64.ActiveCfg = Release|Any CPU
		{9925485F-0A40-42D2-988B-3A6673CC3D1C}.Release|x64.Build.0 = Release|Any CPU
		{9925485F-0A40-42D2-988B-3A6673CC3D1C}.Release|x86.ActiveCfg = Release|Any CPU
		{9925485F-0A40-42D2-988B-3A6673CC3D1C}.Release|x86.Build.0 = Release|Any CPU
		{60F8E1E6-9CF0-47B7-980A-3D0D317C34D9}.Debug|Any CPU.ActiveCfg = Debug|Any CPU
		{60F8E1E6-9CF0-47B7-980A-3D0D317C34D9}.Debug|Any CPU.Build.0 = Debug|Any CPU
		{60F8E1E6-9CF0-47B7-980A-3D0D317C34D9}.Debug|x64.ActiveCfg = Debug|Any CPU
		{60F8E1E6-9CF0-47B7-980A-3D0D317C34D9}.Debug|x64.Build.0 = Debug|Any CPU
		{60F8E1E6-9CF0-47B7-980A-3D0D317C34D9}.Debug|x86.ActiveCfg = Debug|Any CPU
		{60F8E1E6-9CF0-47B7-980A-3D0D317C34D9}.Debug|x86.Build.0 = Debug|Any CPU
		{60F8E1E6-9CF0-47B7-980A-3D0D317C34D9}.Release|Any CPU.ActiveCfg = Release|Any CPU
		{60F8E1E6-9CF0-47B7-980A-3D0D317C34D9}.Release|Any CPU.Build.0 = Release|Any CPU
		{60F8E1E6-9CF0-47B7-980A-3D0D317C34D9}.Release|x64.ActiveCfg = Release|Any CPU
		{60F8E1E6-9CF0-47B7-980A-3D0D317C34D9}.Release|x64.Build.0 = Release|Any CPU
		{60F8E1E6-9CF0-47B7-980A-3D0D317C34D9}.Release|x86.ActiveCfg = Release|Any CPU
		{60F8E1E6-9CF0-47B7-980A-3D0D317C34D9}.Release|x86.Build.0 = Release|Any CPU
		{11F7ADF5-F764-4D2B-BA52-2B4AF09DD1E2}.Debug|Any CPU.ActiveCfg = Debug|Any CPU
		{11F7ADF5-F764-4D2B-BA52-2B4AF09DD1E2}.Debug|Any CPU.Build.0 = Debug|Any CPU
		{11F7ADF5-F764-4D2B-BA52-2B4AF09DD1E2}.Debug|x64.ActiveCfg = Debug|Any CPU
		{11F7ADF5-F764-4D2B-BA52-2B4AF09DD1E2}.Debug|x64.Build.0 = Debug|Any CPU
		{11F7ADF5-F764-4D2B-BA52-2B4AF09DD1E2}.Debug|x86.ActiveCfg = Debug|Any CPU
		{11F7ADF5-F764-4D2B-BA52-2B4AF09DD1E2}.Debug|x86.Build.0 = Debug|Any CPU
		{11F7ADF5-F764-4D2B-BA52-2B4AF09DD1E2}.Release|Any CPU.ActiveCfg = Release|Any CPU
		{11F7ADF5-F764-4D2B-BA52-2B4AF09DD1E2}.Release|Any CPU.Build.0 = Release|Any CPU
		{11F7ADF5-F764-4D2B-BA52-2B4AF09DD1E2}.Release|x64.ActiveCfg = Release|Any CPU
		{11F7ADF5-F764-4D2B-BA52-2B4AF09DD1E2}.Release|x64.Build.0 = Release|Any CPU
		{11F7ADF5-F764-4D2B-BA52-2B4AF09DD1E2}.Release|x86.ActiveCfg = Release|Any CPU
		{11F7ADF5-F764-4D2B-BA52-2B4AF09DD1E2}.Release|x86.Build.0 = Release|Any CPU
		{EBDC6028-0D17-4037-AAD4-68BB6C59019C}.Debug|Any CPU.ActiveCfg = Debug|Any CPU
		{EBDC6028-0D17-4037-AAD4-68BB6C59019C}.Debug|Any CPU.Build.0 = Debug|Any CPU
		{EBDC6028-0D17-4037-AAD4-68BB6C59019C}.Debug|x64.ActiveCfg = Debug|Any CPU
		{EBDC6028-0D17-4037-AAD4-68BB6C59019C}.Debug|x64.Build.0 = Debug|Any CPU
		{EBDC6028-0D17-4037-AAD4-68BB6C59019C}.Debug|x86.ActiveCfg = Debug|Any CPU
		{EBDC6028-0D17-4037-AAD4-68BB6C59019C}.Debug|x86.Build.0 = Debug|Any CPU
		{EBDC6028-0D17-4037-AAD4-68BB6C59019C}.Release|Any CPU.ActiveCfg = Release|Any CPU
		{EBDC6028-0D17-4037-AAD4-68BB6C59019C}.Release|Any CPU.Build.0 = Release|Any CPU
		{EBDC6028-0D17-4037-AAD4-68BB6C59019C}.Release|x64.ActiveCfg = Release|Any CPU
		{EBDC6028-0D17-4037-AAD4-68BB6C59019C}.Release|x64.Build.0 = Release|Any CPU
		{EBDC6028-0D17-4037-AAD4-68BB6C59019C}.Release|x86.ActiveCfg = Release|Any CPU
		{EBDC6028-0D17-4037-AAD4-68BB6C59019C}.Release|x86.Build.0 = Release|Any CPU
		{68E9D712-EDEB-43C9-9791-11770904B07C}.Debug|Any CPU.ActiveCfg = Debug|Any CPU
		{68E9D712-EDEB-43C9-9791-11770904B07C}.Debug|Any CPU.Build.0 = Debug|Any CPU
		{68E9D712-EDEB-43C9-9791-11770904B07C}.Debug|x64.ActiveCfg = Debug|Any CPU
		{68E9D712-EDEB-43C9-9791-11770904B07C}.Debug|x64.Build.0 = Debug|Any CPU
		{68E9D712-EDEB-43C9-9791-11770904B07C}.Debug|x86.ActiveCfg = Debug|Any CPU
		{68E9D712-EDEB-43C9-9791-11770904B07C}.Debug|x86.Build.0 = Debug|Any CPU
		{68E9D712-EDEB-43C9-9791-11770904B07C}.Release|Any CPU.ActiveCfg = Release|Any CPU
		{68E9D712-EDEB-43C9-9791-11770904B07C}.Release|Any CPU.Build.0 = Release|Any CPU
		{68E9D712-EDEB-43C9-9791-11770904B07C}.Release|x64.ActiveCfg = Release|Any CPU
		{68E9D712-EDEB-43C9-9791-11770904B07C}.Release|x64.Build.0 = Release|Any CPU
		{68E9D712-EDEB-43C9-9791-11770904B07C}.Release|x86.ActiveCfg = Release|Any CPU
		{68E9D712-EDEB-43C9-9791-11770904B07C}.Release|x86.Build.0 = Release|Any CPU
		{61DEDC22-D1FE-4E42-9C8E-AAFE8CCFAF96}.Debug|Any CPU.ActiveCfg = Debug|Any CPU
		{61DEDC22-D1FE-4E42-9C8E-AAFE8CCFAF96}.Debug|Any CPU.Build.0 = Debug|Any CPU
		{61DEDC22-D1FE-4E42-9C8E-AAFE8CCFAF96}.Debug|x64.ActiveCfg = Debug|Any CPU
		{61DEDC22-D1FE-4E42-9C8E-AAFE8CCFAF96}.Debug|x64.Build.0 = Debug|Any CPU
		{61DEDC22-D1FE-4E42-9C8E-AAFE8CCFAF96}.Debug|x86.ActiveCfg = Debug|Any CPU
		{61DEDC22-D1FE-4E42-9C8E-AAFE8CCFAF96}.Debug|x86.Build.0 = Debug|Any CPU
		{61DEDC22-D1FE-4E42-9C8E-AAFE8CCFAF96}.Release|Any CPU.ActiveCfg = Release|Any CPU
		{61DEDC22-D1FE-4E42-9C8E-AAFE8CCFAF96}.Release|Any CPU.Build.0 = Release|Any CPU
		{61DEDC22-D1FE-4E42-9C8E-AAFE8CCFAF96}.Release|x64.ActiveCfg = Release|Any CPU
		{61DEDC22-D1FE-4E42-9C8E-AAFE8CCFAF96}.Release|x64.Build.0 = Release|Any CPU
		{61DEDC22-D1FE-4E42-9C8E-AAFE8CCFAF96}.Release|x86.ActiveCfg = Release|Any CPU
		{61DEDC22-D1FE-4E42-9C8E-AAFE8CCFAF96}.Release|x86.Build.0 = Release|Any CPU
		{A466D21B-8EC0-41BF-B7A8-12860AF7E15C}.Debug|Any CPU.ActiveCfg = Debug|Any CPU
		{A466D21B-8EC0-41BF-B7A8-12860AF7E15C}.Debug|Any CPU.Build.0 = Debug|Any CPU
		{A466D21B-8EC0-41BF-B7A8-12860AF7E15C}.Debug|x64.ActiveCfg = Debug|Any CPU
		{A466D21B-8EC0-41BF-B7A8-12860AF7E15C}.Debug|x64.Build.0 = Debug|Any CPU
		{A466D21B-8EC0-41BF-B7A8-12860AF7E15C}.Debug|x86.ActiveCfg = Debug|Any CPU
		{A466D21B-8EC0-41BF-B7A8-12860AF7E15C}.Debug|x86.Build.0 = Debug|Any CPU
		{A466D21B-8EC0-41BF-B7A8-12860AF7E15C}.Release|Any CPU.ActiveCfg = Release|Any CPU
		{A466D21B-8EC0-41BF-B7A8-12860AF7E15C}.Release|Any CPU.Build.0 = Release|Any CPU
		{A466D21B-8EC0-41BF-B7A8-12860AF7E15C}.Release|x64.ActiveCfg = Release|Any CPU
		{A466D21B-8EC0-41BF-B7A8-12860AF7E15C}.Release|x64.Build.0 = Release|Any CPU
		{A466D21B-8EC0-41BF-B7A8-12860AF7E15C}.Release|x86.ActiveCfg = Release|Any CPU
		{A466D21B-8EC0-41BF-B7A8-12860AF7E15C}.Release|x86.Build.0 = Release|Any CPU
		{66222AE1-2F50-42A7-9DAF-1F309F0A1E39}.Debug|Any CPU.ActiveCfg = Debug|Any CPU
		{66222AE1-2F50-42A7-9DAF-1F309F0A1E39}.Debug|Any CPU.Build.0 = Debug|Any CPU
		{66222AE1-2F50-42A7-9DAF-1F309F0A1E39}.Debug|x64.ActiveCfg = Debug|Any CPU
		{66222AE1-2F50-42A7-9DAF-1F309F0A1E39}.Debug|x64.Build.0 = Debug|Any CPU
		{66222AE1-2F50-42A7-9DAF-1F309F0A1E39}.Debug|x86.ActiveCfg = Debug|Any CPU
		{66222AE1-2F50-42A7-9DAF-1F309F0A1E39}.Debug|x86.Build.0 = Debug|Any CPU
		{66222AE1-2F50-42A7-9DAF-1F309F0A1E39}.Release|Any CPU.ActiveCfg = Release|Any CPU
		{66222AE1-2F50-42A7-9DAF-1F309F0A1E39}.Release|Any CPU.Build.0 = Release|Any CPU
		{66222AE1-2F50-42A7-9DAF-1F309F0A1E39}.Release|x64.ActiveCfg = Release|Any CPU
		{66222AE1-2F50-42A7-9DAF-1F309F0A1E39}.Release|x64.Build.0 = Release|Any CPU
		{66222AE1-2F50-42A7-9DAF-1F309F0A1E39}.Release|x86.ActiveCfg = Release|Any CPU
		{66222AE1-2F50-42A7-9DAF-1F309F0A1E39}.Release|x86.Build.0 = Release|Any CPU
		{0EA498AA-F216-4925-8320-D46A5327BA60}.Debug|Any CPU.ActiveCfg = Debug|Any CPU
		{0EA498AA-F216-4925-8320-D46A5327BA60}.Debug|Any CPU.Build.0 = Debug|Any CPU
		{0EA498AA-F216-4925-8320-D46A5327BA60}.Debug|x64.ActiveCfg = Debug|Any CPU
		{0EA498AA-F216-4925-8320-D46A5327BA60}.Debug|x64.Build.0 = Debug|Any CPU
		{0EA498AA-F216-4925-8320-D46A5327BA60}.Debug|x86.ActiveCfg = Debug|Any CPU
		{0EA498AA-F216-4925-8320-D46A5327BA60}.Debug|x86.Build.0 = Debug|Any CPU
		{0EA498AA-F216-4925-8320-D46A5327BA60}.Release|Any CPU.ActiveCfg = Release|Any CPU
		{0EA498AA-F216-4925-8320-D46A5327BA60}.Release|Any CPU.Build.0 = Release|Any CPU
		{0EA498AA-F216-4925-8320-D46A5327BA60}.Release|x64.ActiveCfg = Release|Any CPU
		{0EA498AA-F216-4925-8320-D46A5327BA60}.Release|x64.Build.0 = Release|Any CPU
		{0EA498AA-F216-4925-8320-D46A5327BA60}.Release|x86.ActiveCfg = Release|Any CPU
		{0EA498AA-F216-4925-8320-D46A5327BA60}.Release|x86.Build.0 = Release|Any CPU
		{368584F6-7DF1-4460-A159-2A31B7C3F8C1}.Debug|Any CPU.ActiveCfg = Debug|Any CPU
		{368584F6-7DF1-4460-A159-2A31B7C3F8C1}.Debug|Any CPU.Build.0 = Debug|Any CPU
		{368584F6-7DF1-4460-A159-2A31B7C3F8C1}.Debug|x64.ActiveCfg = Debug|Any CPU
		{368584F6-7DF1-4460-A159-2A31B7C3F8C1}.Debug|x64.Build.0 = Debug|Any CPU
		{368584F6-7DF1-4460-A159-2A31B7C3F8C1}.Debug|x86.ActiveCfg = Debug|Any CPU
		{368584F6-7DF1-4460-A159-2A31B7C3F8C1}.Debug|x86.Build.0 = Debug|Any CPU
		{368584F6-7DF1-4460-A159-2A31B7C3F8C1}.Release|Any CPU.ActiveCfg = Release|Any CPU
		{368584F6-7DF1-4460-A159-2A31B7C3F8C1}.Release|Any CPU.Build.0 = Release|Any CPU
		{368584F6-7DF1-4460-A159-2A31B7C3F8C1}.Release|x64.ActiveCfg = Release|Any CPU
		{368584F6-7DF1-4460-A159-2A31B7C3F8C1}.Release|x64.Build.0 = Release|Any CPU
		{368584F6-7DF1-4460-A159-2A31B7C3F8C1}.Release|x86.ActiveCfg = Release|Any CPU
		{368584F6-7DF1-4460-A159-2A31B7C3F8C1}.Release|x86.Build.0 = Release|Any CPU
		{B5813404-0A43-4B63-A5B3-7FF75B5A7F29}.Debug|Any CPU.ActiveCfg = Debug|Any CPU
		{B5813404-0A43-4B63-A5B3-7FF75B5A7F29}.Debug|Any CPU.Build.0 = Debug|Any CPU
		{B5813404-0A43-4B63-A5B3-7FF75B5A7F29}.Debug|x64.ActiveCfg = Debug|Any CPU
		{B5813404-0A43-4B63-A5B3-7FF75B5A7F29}.Debug|x64.Build.0 = Debug|Any CPU
		{B5813404-0A43-4B63-A5B3-7FF75B5A7F29}.Debug|x86.ActiveCfg = Debug|Any CPU
		{B5813404-0A43-4B63-A5B3-7FF75B5A7F29}.Debug|x86.Build.0 = Debug|Any CPU
		{B5813404-0A43-4B63-A5B3-7FF75B5A7F29}.Release|Any CPU.ActiveCfg = Release|Any CPU
		{B5813404-0A43-4B63-A5B3-7FF75B5A7F29}.Release|Any CPU.Build.0 = Release|Any CPU
		{B5813404-0A43-4B63-A5B3-7FF75B5A7F29}.Release|x64.ActiveCfg = Release|Any CPU
		{B5813404-0A43-4B63-A5B3-7FF75B5A7F29}.Release|x64.Build.0 = Release|Any CPU
		{B5813404-0A43-4B63-A5B3-7FF75B5A7F29}.Release|x86.ActiveCfg = Release|Any CPU
		{B5813404-0A43-4B63-A5B3-7FF75B5A7F29}.Release|x86.Build.0 = Release|Any CPU
		{1C58FF47-6F2A-4F88-BAA8-C04541175300}.Debug|Any CPU.ActiveCfg = Debug|Any CPU
		{1C58FF47-6F2A-4F88-BAA8-C04541175300}.Debug|Any CPU.Build.0 = Debug|Any CPU
		{1C58FF47-6F2A-4F88-BAA8-C04541175300}.Debug|x64.ActiveCfg = Debug|Any CPU
		{1C58FF47-6F2A-4F88-BAA8-C04541175300}.Debug|x64.Build.0 = Debug|Any CPU
		{1C58FF47-6F2A-4F88-BAA8-C04541175300}.Debug|x86.ActiveCfg = Debug|Any CPU
		{1C58FF47-6F2A-4F88-BAA8-C04541175300}.Debug|x86.Build.0 = Debug|Any CPU
		{1C58FF47-6F2A-4F88-BAA8-C04541175300}.Release|Any CPU.ActiveCfg = Release|Any CPU
		{1C58FF47-6F2A-4F88-BAA8-C04541175300}.Release|Any CPU.Build.0 = Release|Any CPU
		{1C58FF47-6F2A-4F88-BAA8-C04541175300}.Release|x64.ActiveCfg = Release|Any CPU
		{1C58FF47-6F2A-4F88-BAA8-C04541175300}.Release|x64.Build.0 = Release|Any CPU
		{1C58FF47-6F2A-4F88-BAA8-C04541175300}.Release|x86.ActiveCfg = Release|Any CPU
		{1C58FF47-6F2A-4F88-BAA8-C04541175300}.Release|x86.Build.0 = Release|Any CPU
		{F3C56930-F374-47F6-829D-13DD81574933}.Debug|Any CPU.ActiveCfg = Debug|Any CPU
		{F3C56930-F374-47F6-829D-13DD81574933}.Debug|Any CPU.Build.0 = Debug|Any CPU
		{F3C56930-F374-47F6-829D-13DD81574933}.Debug|x64.ActiveCfg = Debug|Any CPU
		{F3C56930-F374-47F6-829D-13DD81574933}.Debug|x64.Build.0 = Debug|Any CPU
		{F3C56930-F374-47F6-829D-13DD81574933}.Debug|x86.ActiveCfg = Debug|Any CPU
		{F3C56930-F374-47F6-829D-13DD81574933}.Debug|x86.Build.0 = Debug|Any CPU
		{F3C56930-F374-47F6-829D-13DD81574933}.Release|Any CPU.ActiveCfg = Release|Any CPU
		{F3C56930-F374-47F6-829D-13DD81574933}.Release|Any CPU.Build.0 = Release|Any CPU
		{F3C56930-F374-47F6-829D-13DD81574933}.Release|x64.ActiveCfg = Release|Any CPU
		{F3C56930-F374-47F6-829D-13DD81574933}.Release|x64.Build.0 = Release|Any CPU
		{F3C56930-F374-47F6-829D-13DD81574933}.Release|x86.ActiveCfg = Release|Any CPU
		{F3C56930-F374-47F6-829D-13DD81574933}.Release|x86.Build.0 = Release|Any CPU
		{8CFFCA6F-C892-41D2-9DC2-BC421B67A9C4}.Debug|Any CPU.ActiveCfg = Debug|Any CPU
		{8CFFCA6F-C892-41D2-9DC2-BC421B67A9C4}.Debug|Any CPU.Build.0 = Debug|Any CPU
		{8CFFCA6F-C892-41D2-9DC2-BC421B67A9C4}.Debug|x64.ActiveCfg = Debug|Any CPU
		{8CFFCA6F-C892-41D2-9DC2-BC421B67A9C4}.Debug|x64.Build.0 = Debug|Any CPU
		{8CFFCA6F-C892-41D2-9DC2-BC421B67A9C4}.Debug|x86.ActiveCfg = Debug|Any CPU
		{8CFFCA6F-C892-41D2-9DC2-BC421B67A9C4}.Debug|x86.Build.0 = Debug|Any CPU
		{8CFFCA6F-C892-41D2-9DC2-BC421B67A9C4}.Release|Any CPU.ActiveCfg = Release|Any CPU
		{8CFFCA6F-C892-41D2-9DC2-BC421B67A9C4}.Release|Any CPU.Build.0 = Release|Any CPU
		{8CFFCA6F-C892-41D2-9DC2-BC421B67A9C4}.Release|x64.ActiveCfg = Release|Any CPU
		{8CFFCA6F-C892-41D2-9DC2-BC421B67A9C4}.Release|x64.Build.0 = Release|Any CPU
		{8CFFCA6F-C892-41D2-9DC2-BC421B67A9C4}.Release|x86.ActiveCfg = Release|Any CPU
		{8CFFCA6F-C892-41D2-9DC2-BC421B67A9C4}.Release|x86.Build.0 = Release|Any CPU
		{B70D7FA4-C18B-4EC7-A1AC-043132913551}.Debug|Any CPU.ActiveCfg = Debug|Any CPU
		{B70D7FA4-C18B-4EC7-A1AC-043132913551}.Debug|Any CPU.Build.0 = Debug|Any CPU
		{B70D7FA4-C18B-4EC7-A1AC-043132913551}.Debug|x64.ActiveCfg = Debug|Any CPU
		{B70D7FA4-C18B-4EC7-A1AC-043132913551}.Debug|x64.Build.0 = Debug|Any CPU
		{B70D7FA4-C18B-4EC7-A1AC-043132913551}.Debug|x86.ActiveCfg = Debug|Any CPU
		{B70D7FA4-C18B-4EC7-A1AC-043132913551}.Debug|x86.Build.0 = Debug|Any CPU
		{B70D7FA4-C18B-4EC7-A1AC-043132913551}.Release|Any CPU.ActiveCfg = Release|Any CPU
		{B70D7FA4-C18B-4EC7-A1AC-043132913551}.Release|Any CPU.Build.0 = Release|Any CPU
		{B70D7FA4-C18B-4EC7-A1AC-043132913551}.Release|x64.ActiveCfg = Release|Any CPU
		{B70D7FA4-C18B-4EC7-A1AC-043132913551}.Release|x64.Build.0 = Release|Any CPU
		{B70D7FA4-C18B-4EC7-A1AC-043132913551}.Release|x86.ActiveCfg = Release|Any CPU
		{B70D7FA4-C18B-4EC7-A1AC-043132913551}.Release|x86.Build.0 = Release|Any CPU
		{AC323F66-EB39-472A-91A2-D903D647D542}.Debug|Any CPU.ActiveCfg = Debug|Any CPU
		{AC323F66-EB39-472A-91A2-D903D647D542}.Debug|Any CPU.Build.0 = Debug|Any CPU
		{AC323F66-EB39-472A-91A2-D903D647D542}.Debug|x64.ActiveCfg = Debug|Any CPU
		{AC323F66-EB39-472A-91A2-D903D647D542}.Debug|x64.Build.0 = Debug|Any CPU
		{AC323F66-EB39-472A-91A2-D903D647D542}.Debug|x86.ActiveCfg = Debug|Any CPU
		{AC323F66-EB39-472A-91A2-D903D647D542}.Debug|x86.Build.0 = Debug|Any CPU
		{AC323F66-EB39-472A-91A2-D903D647D542}.Release|Any CPU.ActiveCfg = Release|Any CPU
		{AC323F66-EB39-472A-91A2-D903D647D542}.Release|Any CPU.Build.0 = Release|Any CPU
		{AC323F66-EB39-472A-91A2-D903D647D542}.Release|x64.ActiveCfg = Release|Any CPU
		{AC323F66-EB39-472A-91A2-D903D647D542}.Release|x64.Build.0 = Release|Any CPU
		{AC323F66-EB39-472A-91A2-D903D647D542}.Release|x86.ActiveCfg = Release|Any CPU
		{AC323F66-EB39-472A-91A2-D903D647D542}.Release|x86.Build.0 = Release|Any CPU
	EndGlobalSection
	GlobalSection(SolutionProperties) = preSolution
		HideSolutionNode = FALSE
	EndGlobalSection
	GlobalSection(ExtensibilityGlobals) = postSolution
		SolutionGuid = {152B5A07-4E4D-44F7-8649-7CCBC618133F}
	EndGlobalSection
EndGlobal
